
Microsoft Visual Studio Solution File, Format Version 12.00
# Visual Studio Version 17
VisualStudioVersion = 17.0.31912.275
MinimumVisualStudioVersion = 10.0.40219.1
Project("{9A19103F-16F7-4668-BE54-9A1E7A4F7556}") = "mitoSoft.Common.Mqtt", "mitoSoft.Common.Mqtt\mitoSoft.Common.Mqtt.csproj", "{F83745A9-C392-4590-96E3-6CBA8382672B}"
EndProject
Global
	GlobalSection(SolutionConfigurationPlatforms) = preSolution
		Debug|Any CPU = Debug|Any CPU
		Release|Any CPU = Release|Any CPU
	EndGlobalSection
	GlobalSection(ProjectConfigurationPlatforms) = postSolution
		{F83745A9-C392-4590-96E3-6CBA8382672B}.Debug|Any CPU.ActiveCfg = Debug|Any CPU
		{F83745A9-C392-4590-96E3-6CBA8382672B}.Debug|Any CPU.Build.0 = Debug|Any CPU
		{F83745A9-C392-4590-96E3-6CBA8382672B}.Release|Any CPU.ActiveCfg = Release|Any CPU
		{F83745A9-C392-4590-96E3-6CBA8382672B}.Release|Any CPU.Build.0 = Release|Any CPU
	EndGlobalSection
	GlobalSection(SolutionProperties) = preSolution
		HideSolutionNode = FALSE
	EndGlobalSection
	GlobalSection(ExtensibilityGlobals) = postSolution
		SolutionGuid = {237A2465-DC93-4D30-8EF4-4EAAD094D510}
	EndGlobalSection
EndGlobal
